
Microsoft Visual Studio Solution File, Format Version 12.00
# Visual Studio Version 17
VisualStudioVersion = 17.8.34309.116
MinimumVisualStudioVersion = 10.0.40219.1
Project("{FAE04EC0-301F-11D3-BF4B-00C04F79EFBC}") = "School Management Project", "School Management Project\School Management Project.csproj", "{53674C03-3ED1-427B-9EC2-789EB4C8BC29}"
EndProject
Global
	GlobalSection(SolutionConfigurationPlatforms) = preSolution
		Debug|Any CPU = Debug|Any CPU
		Release|Any CPU = Release|Any CPU
	EndGlobalSection
	GlobalSection(ProjectConfigurationPlatforms) = postSolution
		{53674C03-3ED1-427B-9EC2-789EB4C8BC29}.Debug|Any CPU.ActiveCfg = Debug|Any CPU
		{53674C03-3ED1-427B-9EC2-789EB4C8BC29}.Debug|Any CPU.Build.0 = Debug|Any CPU
		{53674C03-3ED1-427B-9EC2-789EB4C8BC29}.Release|Any CPU.ActiveCfg = Release|Any CPU
		{53674C03-3ED1-427B-9EC2-789EB4C8BC29}.Release|Any CPU.Build.0 = Release|Any CPU
	EndGlobalSection
	GlobalSection(SolutionProperties) = preSolution
		HideSolutionNode = FALSE
	EndGlobalSection
	GlobalSection(ExtensibilityGlobals) = postSolution
		SolutionGuid = {3EB73F2B-CFB4-4045-9C33-CC09FB6A3E5E}
	EndGlobalSection
EndGlobal
